
Microsoft Visual Studio Solution File, Format Version 12.00
# Visual Studio Version 17
VisualStudioVersion = 17.8.34330.188
MinimumVisualStudioVersion = 10.0.40219.1
Project("{FAE04EC0-301F-11D3-BF4B-00C04F79EFBC}") = "csIntensivo", "csIntensivo.csproj", "{DB9BA858-DC52-4966-B82C-45C948C42212}"
EndProject
Project("{FAE04EC0-301F-11D3-BF4B-00C04F79EFBC}") = "herencia", "..\herencia\herencia.csproj", "{7B9F6D58-A8CE-41B4-BB5C-E6FB5D733CD9}"
EndProject
Project("{FAE04EC0-301F-11D3-BF4B-00C04F79EFBC}") = "Interface", "..\Interface\Interface.csproj", "{B94DEFA9-16B4-4321-8F11-934048DDFFCE}"
EndProject
Global
	GlobalSection(SolutionConfigurationPlatforms) = preSolution
		Debug|Any CPU = Debug|Any CPU
		Release|Any CPU = Release|Any CPU
	EndGlobalSection
	GlobalSection(ProjectConfigurationPlatforms) = postSolution
		{DB9BA858-DC52-4966-B82C-45C948C42212}.Debug|Any CPU.ActiveCfg = Debug|Any CPU
		{DB9BA858-DC52-4966-B82C-45C948C42212}.Debug|Any CPU.Build.0 = Debug|Any CPU
		{DB9BA858-DC52-4966-B82C-45C948C42212}.Release|Any CPU.ActiveCfg = Release|Any CPU
		{DB9BA858-DC52-4966-B82C-45C948C42212}.Release|Any CPU.Build.0 = Release|Any CPU
		{7B9F6D58-A8CE-41B4-BB5C-E6FB5D733CD9}.Debug|Any CPU.ActiveCfg = Debug|Any CPU
		{7B9F6D58-A8CE-41B4-BB5C-E6FB5D733CD9}.Debug|Any CPU.Build.0 = Debug|Any CPU
		{7B9F6D58-A8CE-41B4-BB5C-E6FB5D733CD9}.Release|Any CPU.ActiveCfg = Release|Any CPU
		{7B9F6D58-A8CE-41B4-BB5C-E6FB5D733CD9}.Release|Any CPU.Build.0 = Release|Any CPU
		{B94DEFA9-16B4-4321-8F11-934048DDFFCE}.Debug|Any CPU.ActiveCfg = Debug|Any CPU
		{B94DEFA9-16B4-4321-8F11-934048DDFFCE}.Debug|Any CPU.Build.0 = Debug|Any CPU
		{B94DEFA9-16B4-4321-8F11-934048DDFFCE}.Release|Any CPU.ActiveCfg = Release|Any CPU
		{B94DEFA9-16B4-4321-8F11-934048DDFFCE}.Release|Any CPU.Build.0 = Release|Any CPU
	EndGlobalSection
	GlobalSection(SolutionProperties) = preSolution
		HideSolutionNode = FALSE
	EndGlobalSection
	GlobalSection(ExtensibilityGlobals) = postSolution
		SolutionGuid = {F7DF6C18-0A51-407E-84CB-86EB4C2A846F}
	EndGlobalSection
EndGlobal
